version = 1
revision = 3
requires-python = ">=3.13"

[[package]]
name = "debugpy"
version = "1.8.18"
source = { registry = "https://pypi.org/simple" }
sdist = { url = "https://files.pythonhosted.org/packages/62/1a/7cb5531840d7ba5d9329644109e62adee41f2f0083d9f8a4039f01de58cf/debugpy-1.8.18.tar.gz", hash = "sha256:02551b1b84a91faadd2db9bc4948873f2398190c95b3cc6f97dc706f43e8c433", size = 1644467, upload-time = "2025-12-10T19:48:07.236Z" }
wheels = [
    { url = "https://files.pythonhosted.org/packages/fe/3f/45af037e91e308274a092eb6a86282865fb1f11148cdb7616e811aae33d7/debugpy-1.8.18-cp313-cp313-macosx_15_0_universal2.whl", hash = "sha256:75d14dd04b617ee38e46786394ec0dd5e1ac5e3d10ffb034fd6c7b72111174c2", size = 2538826, upload-time = "2025-12-10T19:48:29.434Z" },
    { url = "https://files.pythonhosted.org/packages/cc/f4/2de6bf624de05134d1bbe0a8750d484363cd212c3ade3d04f5c77d47d0ce/debugpy-1.8.18-cp313-cp313-manylinux_2_34_x86_64.whl", hash = "sha256:1b224887af5121fa702f9f542968170d104e3f9cac827d85fdefe89702dc235c", size = 4292542, upload-time = "2025-12-10T19:48:30.836Z" },
    { url = "https://files.pythonhosted.org/packages/93/54/89de7ef84d5ac39fc64a773feaedd902536cc5295814cd22d19c6d9dea35/debugpy-1.8.18-cp313-cp313-win32.whl", hash = "sha256:636a5445a3336e4aba323a3545ca2bb373b04b0bc14084a4eb20c989db44429f", size = 5280460, upload-time = "2025-12-10T19:48:32.696Z" },
    { url = "https://files.pythonhosted.org/packages/4f/59/651329e618406229edbef6508a5aa05e43cd027f042740c5b27e46854b23/debugpy-1.8.18-cp313-cp313-win_amd64.whl", hash = "sha256:6da217ac8c1152d698b9809484d50c75bef9cc02fd6886a893a6df81ec952ff8", size = 5322399, upload-time = "2025-12-10T19:48:35.057Z" },
    { url = "https://files.pythonhosted.org/packages/36/59/5e8bf46a66ca9dfcd0ce4f35c07085aeb60d99bf5c52135973a4e197ed41/debugpy-1.8.18-cp314-cp314-macosx_15_0_universal2.whl", hash = "sha256:be7f622d250fe3429571e84572eb771023f1da22c754f28d2c60a10d74a4cc1b", size = 2537336, upload-time = "2025-12-10T19:48:36.463Z" },
    { url = "https://files.pythonhosted.org/packages/a1/5a/3b37cc266a69da83a4febaa4267bb2062d4bec5287036e2f23d9a30a788c/debugpy-1.8.18-cp314-cp314-manylinux_2_34_x86_64.whl", hash = "sha256:df8bf7cd78019d5d155213bf5a1818b36403d0c3758d669e76827d4db026b840", size = 4268696, upload-time = "2025-12-10T19:48:37.855Z" },
    { url = "https://files.pythonhosted.org/packages/de/4b/1e13586444440e5754b70055449b70afa187aaa167fa4c20c0c05d9c3b80/debugpy-1.8.18-cp314-cp314-win32.whl", hash = "sha256:32dd56d50fe15c47d0f930a7f0b9d3e5eb8ed04770bc6c313fba6d226f87e1e8", size = 5280624, upload-time = "2025-12-10T19:48:39.28Z" },
    { url = "https://files.pythonhosted.org/packages/7a/21/f8c12baa16212859269dc4c3e4b413778ec1154d332896d3c4cca96ac660/debugpy-1.8.18-cp314-cp314-win_amd64.whl", hash = "sha256:714b61d753cfe3ed5e7bf0aad131506d750e271726ac86e3e265fd7eeebbe765", size = 5321982, upload-time = "2025-12-10T19:48:41.086Z" },
    { url = "https://files.pythonhosted.org/packages/dc/0d/bf7ac329c132436c57124202b5b5ccd6366e5d8e75eeb184cf078c826e8d/debugpy-1.8.18-py2.py3-none-any.whl", hash = "sha256:ab8cf0abe0fe2dfe1f7e65abc04b1db8740f9be80c1274acb625855c5c3ece6e", size = 5286576, upload-time = "2025-12-10T19:48:56.071Z" },
]

[[package]]
name = "softwarestudio2"
version = "0.1.0"
source = { virtual = "." }
dependencies = [
    { name = "debugpy" },
]

[package.metadata]
requires-dist = [{ name = "debugpy", specifier = ">=1.8.18" }]
